
Microsoft Visual Studio Solution File, Format Version 12.00
# Visual Studio 15
VisualStudioVersion = 15.0.27703.2018
MinimumVisualStudioVersion = 10.0.40219.1
Project("{FAE04EC0-301F-11D3-BF4B-00C04F79EFBC}") = "Kermit", "Kermit\Kermit.csproj", "{BBF6594B-9E17-4DC2-821C-A585997BBE5F}"
EndProject
Global
	GlobalSection(SolutionConfigurationPlatforms) = preSolution
		Debug|Any CPU = Debug|Any CPU
		Release|Any CPU = Release|Any CPU
	EndGlobalSection
	GlobalSection(ProjectConfigurationPlatforms) = postSolution
		{BBF6594B-9E17-4DC2-821C-A585997BBE5F}.Debug|Any CPU.ActiveCfg = Debug|Any CPU
		{BBF6594B-9E17-4DC2-821C-A585997BBE5F}.Debug|Any CPU.Build.0 = Debug|Any CPU
		{BBF6594B-9E17-4DC2-821C-A585997BBE5F}.Release|Any CPU.ActiveCfg = Release|Any CPU
		{BBF6594B-9E17-4DC2-821C-A585997BBE5F}.Release|Any CPU.Build.0 = Release|Any CPU
	EndGlobalSection
	GlobalSection(SolutionProperties) = preSolution
		HideSolutionNode = FALSE
	EndGlobalSection
	GlobalSection(ExtensibilityGlobals) = postSolution
		SolutionGuid = {EE1650C4-1EFF-4ED4-A613-20AB355B0C14}
	EndGlobalSection
EndGlobal
